
Microsoft Visual Studio Solution File, Format Version 12.00
# Visual Studio 15
VisualStudioVersion = 15.0.26124.0
MinimumVisualStudioVersion = 15.0.26124.0
Project("{2150E333-8FDC-42A3-9474-1A3956D46DE8}") = "src", "src", "{0C567E92-2179-44FB-ABAB-C5423E65E561}"
	ProjectSection(SolutionItems) = preProject
		src\PerformanceTest.txt = src\PerformanceTest.txt
	EndProjectSection
EndProject
Project("{2150E333-8FDC-42A3-9474-1A3956D46DE8}") = "Application", "Application", "{4875893C-7A43-4225-9123-39BA49C0CB0A}"
EndProject
Project("{2150E333-8FDC-42A3-9474-1A3956D46DE8}") = "Domain", "Domain", "{4E74E196-8F28-41BE-A497-084C0E7D0FA3}"
EndProject
Project("{2150E333-8FDC-42A3-9474-1A3956D46DE8}") = "Infrastructure", "Infrastructure", "{722B719E-61AD-4220-972C-99B5600457AE}"
EndProject
Project("{2150E333-8FDC-42A3-9474-1A3956D46DE8}") = "Presentation", "Presentation", "{6F643825-7646-4DAB-8378-22A888ADE1B6}"
EndProject
Project("{9A19103F-16F7-4668-BE54-9A1E7A4F7556}") = "ExampleServiceNov2018.Query.Persistence", "src\ExampleServiceNov2018.Query.Persistence\ExampleServiceNov2018.Query.Persistence.csproj", "{B4C1D1AF-0CC9-4AEB-9E00-2994AC2DC4DE}"
EndProject
Project("{9A19103F-16F7-4668-BE54-9A1E7A4F7556}") = "ExampleServiceNov2018.Command.Persistence", "src\ExampleServiceNov2018.Command.Persistence\ExampleServiceNov2018.Command.Persistence.csproj", "{7956546B-2D8D-437A-A36F-0DD7E30B2277}"
EndProject
Project("{9A19103F-16F7-4668-BE54-9A1E7A4F7556}") = "ExampleServiceNov2018.Api", "src\ExampleServiceNov2018.Api\ExampleServiceNov2018.Api.csproj", "{BBDD1193-1C39-43A0-B6C0-BC6C83BE6A77}"
EndProject
Project("{9A19103F-16F7-4668-BE54-9A1E7A4F7556}") = "ExampleServiceNov2018.Values", "src\ExampleServiceNov2018.Values\ExampleServiceNov2018.Values.csproj", "{5F048A28-0968-4B95-8C7C-D84D8F86872D}"
EndProject
Project("{9A19103F-16F7-4668-BE54-9A1E7A4F7556}") = "ExampleServiceNov2018.Query.Model", "src\ExampleServiceNov2018.Query.Model\ExampleServiceNov2018.Query.Model.csproj", "{187BF0B6-DF16-4601-97F3-6730D7EAFCBB}"
EndProject
Project("{9A19103F-16F7-4668-BE54-9A1E7A4F7556}") = "ExampleServiceNov2018.Commands", "src\ExampleServiceNov2018.Commands\ExampleServiceNov2018.Commands.csproj", "{B5281910-BF7B-453E-95D1-B69E90C87703}"
EndProject
Project("{9A19103F-16F7-4668-BE54-9A1E7A4F7556}") = "ExampleServiceNov2018.Command.Model", "src\ExampleServiceNov2018.Command.Model\ExampleServiceNov2018.Command.Model.csproj", "{24D60C2E-E53D-4E12-BC88-434A8448216E}"
EndProject
Project("{9A19103F-16F7-4668-BE54-9A1E7A4F7556}") = "ExampleServiceNov2018.Events", "src\ExampleServiceNov2018.Events\ExampleServiceNov2018.Events.csproj", "{58AF66C2-ED35-49FA-9456-30F694065565}"
EndProject
Project("{9A19103F-16F7-4668-BE54-9A1E7A4F7556}") = "ExampleServiceNov2018.CommandStack", "src\ExampleServiceNov2018.CommandStack\ExampleServiceNov2018.CommandStack.csproj", "{E6C1C98D-ACE4-4E4D-93D3-DAA6131D187F}"
EndProject
Project("{FAE04EC0-301F-11D3-BF4B-00C04F79EFBC}") = "ExampleServiceNov2018.QueryStack", "src\ExampleServiceNov2018.QueryStack\ExampleServiceNov2018.QueryStack.csproj", "{5D154C06-509F-4F3B-A561-5769277357C8}"
EndProject
Global
	GlobalSection(SolutionConfigurationPlatforms) = preSolution
		Debug|Any CPU = Debug|Any CPU
		Release|Any CPU = Release|Any CPU
	EndGlobalSection
	GlobalSection(ProjectConfigurationPlatforms) = postSolution
		{B4C1D1AF-0CC9-4AEB-9E00-2994AC2DC4DE}.Debug|Any CPU.ActiveCfg = Debug|Any CPU
		{B4C1D1AF-0CC9-4AEB-9E00-2994AC2DC4DE}.Debug|Any CPU.Build.0 = Debug|Any CPU
		{B4C1D1AF-0CC9-4AEB-9E00-2994AC2DC4DE}.Release|Any CPU.ActiveCfg = Release|Any CPU
		{B4C1D1AF-0CC9-4AEB-9E00-2994AC2DC4DE}.Release|Any CPU.Build.0 = Release|Any CPU
		{7956546B-2D8D-437A-A36F-0DD7E30B2277}.Debug|Any CPU.ActiveCfg = Debug|Any CPU
		{7956546B-2D8D-437A-A36F-0DD7E30B2277}.Debug|Any CPU.Build.0 = Debug|Any CPU
		{7956546B-2D8D-437A-A36F-0DD7E30B2277}.Release|Any CPU.ActiveCfg = Release|Any CPU
		{7956546B-2D8D-437A-A36F-0DD7E30B2277}.Release|Any CPU.Build.0 = Release|Any CPU
		{BBDD1193-1C39-43A0-B6C0-BC6C83BE6A77}.Debug|Any CPU.ActiveCfg = Debug|Any CPU
		{BBDD1193-1C39-43A0-B6C0-BC6C83BE6A77}.Debug|Any CPU.Build.0 = Debug|Any CPU
		{BBDD1193-1C39-43A0-B6C0-BC6C83BE6A77}.Release|Any CPU.ActiveCfg = Release|Any CPU
		{BBDD1193-1C39-43A0-B6C0-BC6C83BE6A77}.Release|Any CPU.Build.0 = Release|Any CPU
		{5F048A28-0968-4B95-8C7C-D84D8F86872D}.Debug|Any CPU.ActiveCfg = Debug|Any CPU
		{5F048A28-0968-4B95-8C7C-D84D8F86872D}.Debug|Any CPU.Build.0 = Debug|Any CPU
		{5F048A28-0968-4B95-8C7C-D84D8F86872D}.Release|Any CPU.ActiveCfg = Release|Any CPU
		{5F048A28-0968-4B95-8C7C-D84D8F86872D}.Release|Any CPU.Build.0 = Release|Any CPU
		{187BF0B6-DF16-4601-97F3-6730D7EAFCBB}.Debug|Any CPU.ActiveCfg = Debug|Any CPU
		{187BF0B6-DF16-4601-97F3-6730D7EAFCBB}.Debug|Any CPU.Build.0 = Debug|Any CPU
		{187BF0B6-DF16-4601-97F3-6730D7EAFCBB}.Release|Any CPU.ActiveCfg = Release|Any CPU
		{187BF0B6-DF16-4601-97F3-6730D7EAFCBB}.Release|Any CPU.Build.0 = Release|Any CPU
		{B5281910-BF7B-453E-95D1-B69E90C87703}.Debug|Any CPU.ActiveCfg = Debug|Any CPU
		{B5281910-BF7B-453E-95D1-B69E90C87703}.Debug|Any CPU.Build.0 = Debug|Any CPU
		{B5281910-BF7B-453E-95D1-B69E90C87703}.Release|Any CPU.ActiveCfg = Release|Any CPU
		{B5281910-BF7B-453E-95D1-B69E90C87703}.Release|Any CPU.Build.0 = Release|Any CPU
		{24D60C2E-E53D-4E12-BC88-434A8448216E}.Debug|Any CPU.ActiveCfg = Debug|Any CPU
		{24D60C2E-E53D-4E12-BC88-434A8448216E}.Debug|Any CPU.Build.0 = Debug|Any CPU
		{24D60C2E-E53D-4E12-BC88-434A8448216E}.Release|Any CPU.ActiveCfg = Release|Any CPU
		{24D60C2E-E53D-4E12-BC88-434A8448216E}.Release|Any CPU.Build.0 = Release|Any CPU
		{58AF66C2-ED35-49FA-9456-30F694065565}.Debug|Any CPU.ActiveCfg = Debug|Any CPU
		{58AF66C2-ED35-49FA-9456-30F694065565}.Debug|Any CPU.Build.0 = Debug|Any CPU
		{58AF66C2-ED35-49FA-9456-30F694065565}.Release|Any CPU.ActiveCfg = Release|Any CPU
		{58AF66C2-ED35-49FA-9456-30F694065565}.Release|Any CPU.Build.0 = Release|Any CPU
		{E6C1C98D-ACE4-4E4D-93D3-DAA6131D187F}.Debug|Any CPU.ActiveCfg = Debug|Any CPU
		{E6C1C98D-ACE4-4E4D-93D3-DAA6131D187F}.Debug|Any CPU.Build.0 = Debug|Any CPU
		{E6C1C98D-ACE4-4E4D-93D3-DAA6131D187F}.Release|Any CPU.ActiveCfg = Release|Any CPU
		{E6C1C98D-ACE4-4E4D-93D3-DAA6131D187F}.Release|Any CPU.Build.0 = Release|Any CPU
		{5D154C06-509F-4F3B-A561-5769277357C8}.Debug|Any CPU.ActiveCfg = Debug|Any CPU
		{5D154C06-509F-4F3B-A561-5769277357C8}.Debug|Any CPU.Build.0 = Debug|Any CPU
		{5D154C06-509F-4F3B-A561-5769277357C8}.Release|Any CPU.ActiveCfg = Release|Any CPU
		{5D154C06-509F-4F3B-A561-5769277357C8}.Release|Any CPU.Build.0 = Release|Any CPU
	EndGlobalSection
	GlobalSection(SolutionProperties) = preSolution
		HideSolutionNode = FALSE
	EndGlobalSection
	GlobalSection(NestedProjects) = preSolution
		{4875893C-7A43-4225-9123-39BA49C0CB0A} = {0C567E92-2179-44FB-ABAB-C5423E65E561}
		{4E74E196-8F28-41BE-A497-084C0E7D0FA3} = {0C567E92-2179-44FB-ABAB-C5423E65E561}
		{722B719E-61AD-4220-972C-99B5600457AE} = {0C567E92-2179-44FB-ABAB-C5423E65E561}
		{6F643825-7646-4DAB-8378-22A888ADE1B6} = {0C567E92-2179-44FB-ABAB-C5423E65E561}
		{B4C1D1AF-0CC9-4AEB-9E00-2994AC2DC4DE} = {722B719E-61AD-4220-972C-99B5600457AE}
		{7956546B-2D8D-437A-A36F-0DD7E30B2277} = {722B719E-61AD-4220-972C-99B5600457AE}
		{BBDD1193-1C39-43A0-B6C0-BC6C83BE6A77} = {6F643825-7646-4DAB-8378-22A888ADE1B6}
		{5F048A28-0968-4B95-8C7C-D84D8F86872D} = {4E74E196-8F28-41BE-A497-084C0E7D0FA3}
		{187BF0B6-DF16-4601-97F3-6730D7EAFCBB} = {4E74E196-8F28-41BE-A497-084C0E7D0FA3}
		{B5281910-BF7B-453E-95D1-B69E90C87703} = {4E74E196-8F28-41BE-A497-084C0E7D0FA3}
		{24D60C2E-E53D-4E12-BC88-434A8448216E} = {4E74E196-8F28-41BE-A497-084C0E7D0FA3}
		{58AF66C2-ED35-49FA-9456-30F694065565} = {4E74E196-8F28-41BE-A497-084C0E7D0FA3}
		{E6C1C98D-ACE4-4E4D-93D3-DAA6131D187F} = {4875893C-7A43-4225-9123-39BA49C0CB0A}
		{5D154C06-509F-4F3B-A561-5769277357C8} = {4875893C-7A43-4225-9123-39BA49C0CB0A}
	EndGlobalSection
	GlobalSection(ExtensibilityGlobals) = postSolution
		SolutionGuid = {D6FD922D-B42E-4456-AAB1-FC8FFAD853B8}
	EndGlobalSection
EndGlobal
